
Microsoft Visual Studio Solution File, Format Version 11.00
# Visual Studio 2010
Project("{FAE04EC0-301F-11D3-BF4B-00C04F79EFBC}") = "LPOO2-Grupo11", "LPOO2-Grupo11\LPOO2-Grupo11.csproj", "{F42D053D-E8A4-4944-A071-2B246FE44786}"
EndProject
Project("{FAE04EC0-301F-11D3-BF4B-00C04F79EFBC}") = "ClasesBases", "ClasesBases\ClasesBases.csproj", "{90EFE301-7668-41D5-A25C-B447ED6F3108}"
EndProject
Global
	GlobalSection(SolutionConfigurationPlatforms) = preSolution
		Debug|Any CPU = Debug|Any CPU
		Debug|Mixed Platforms = Debug|Mixed Platforms
		Debug|x86 = Debug|x86
		Release|Any CPU = Release|Any CPU
		Release|Mixed Platforms = Release|Mixed Platforms
		Release|x86 = Release|x86
	EndGlobalSection
	GlobalSection(ProjectConfigurationPlatforms) = postSolution
		{F42D053D-E8A4-4944-A071-2B246FE44786}.Debug|Any CPU.ActiveCfg = Debug|x86
		{F42D053D-E8A4-4944-A071-2B246FE44786}.Debug|Mixed Platforms.ActiveCfg = Debug|x86
		{F42D053D-E8A4-4944-A071-2B246FE44786}.Debug|Mixed Platforms.Build.0 = Debug|x86
		{F42D053D-E8A4-4944-A071-2B246FE44786}.Debug|x86.ActiveCfg = Debug|x86
		{F42D053D-E8A4-4944-A071-2B246FE44786}.Debug|x86.Build.0 = Debug|x86
		{F42D053D-E8A4-4944-A071-2B246FE44786}.Release|Any CPU.ActiveCfg = Release|x86
		{F42D053D-E8A4-4944-A071-2B246FE44786}.Release|Mixed Platforms.ActiveCfg = Release|x86
		{F42D053D-E8A4-4944-A071-2B246FE44786}.Release|Mixed Platforms.Build.0 = Release|x86
		{F42D053D-E8A4-4944-A071-2B246FE44786}.Release|x86.ActiveCfg = Release|x86
		{F42D053D-E8A4-4944-A071-2B246FE44786}.Release|x86.Build.0 = Release|x86
		{90EFE301-7668-41D5-A25C-B447ED6F3108}.Debug|Any CPU.ActiveCfg = Debug|Any CPU
		{90EFE301-7668-41D5-A25C-B447ED6F3108}.Debug|Any CPU.Build.0 = Debug|Any CPU
		{90EFE301-7668-41D5-A25C-B447ED6F3108}.Debug|Mixed Platforms.ActiveCfg = Debug|Any CPU
		{90EFE301-7668-41D5-A25C-B447ED6F3108}.Debug|Mixed Platforms.Build.0 = Debug|Any CPU
		{90EFE301-7668-41D5-A25C-B447ED6F3108}.Debug|x86.ActiveCfg = Debug|Any CPU
		{90EFE301-7668-41D5-A25C-B447ED6F3108}.Release|Any CPU.ActiveCfg = Release|Any CPU
		{90EFE301-7668-41D5-A25C-B447ED6F3108}.Release|Any CPU.Build.0 = Release|Any CPU
		{90EFE301-7668-41D5-A25C-B447ED6F3108}.Release|Mixed Platforms.ActiveCfg = Release|Any CPU
		{90EFE301-7668-41D5-A25C-B447ED6F3108}.Release|Mixed Platforms.Build.0 = Release|Any CPU
		{90EFE301-7668-41D5-A25C-B447ED6F3108}.Release|x86.ActiveCfg = Release|Any CPU
	EndGlobalSection
	GlobalSection(SolutionProperties) = preSolution
		HideSolutionNode = FALSE
	EndGlobalSection
EndGlobal
